
Microsoft Visual Studio Solution File, Format Version 12.00
# Visual Studio 15
VisualStudioVersion = 15.0.28307.1062
MinimumVisualStudioVersion = 10.0.40219.1
Project("{FAE04EC0-301F-11D3-BF4B-00C04F79EFBC}") = "GrocGet.API", "GrocGet.API\GrocGet.API.csproj", "{FAA01FCE-2D14-4B1A-AE38-935480B441EA}"
EndProject
Project("{E24C65DC-7377-472B-9ABA-BC803B73C61A}") = "GrocGet", "GrocGet\", "{C8AC1D5F-FEEA-4019-AE83-B8283F6ADCAF}"
	ProjectSection(WebsiteProperties) = preProject
		TargetFrameworkMoniker = ".NETFramework,Version%3Dv4.0"
		Debug.AspNetCompiler.VirtualPath = "/localhost_62114"
		Debug.AspNetCompiler.PhysicalPath = "GrocGet\"
		Debug.AspNetCompiler.TargetPath = "PrecompiledWeb\localhost_62114\"
		Debug.AspNetCompiler.Updateable = "true"
		Debug.AspNetCompiler.ForceOverwrite = "true"
		Debug.AspNetCompiler.FixedNames = "false"
		Debug.AspNetCompiler.Debug = "True"
		Release.AspNetCompiler.VirtualPath = "/localhost_62114"
		Release.AspNetCompiler.PhysicalPath = "GrocGet\"
		Release.AspNetCompiler.TargetPath = "PrecompiledWeb\localhost_62114\"
		Release.AspNetCompiler.Updateable = "true"
		Release.AspNetCompiler.ForceOverwrite = "true"
		Release.AspNetCompiler.FixedNames = "false"
		Release.AspNetCompiler.Debug = "False"
		VWDPort = "62114"
		SlnRelativePath = "GrocGet\"
	EndProjectSection
EndProject
Project("{FAE04EC0-301F-11D3-BF4B-00C04F79EFBC}") = "GrocGet.DTO", "GrocGet.DTO\GrocGet.DTO.csproj", "{1C6B91D3-7B94-47B6-A736-F0B13A487C39}"
EndProject
Global
	GlobalSection(SolutionConfigurationPlatforms) = preSolution
		Debug|Any CPU = Debug|Any CPU
		Release|Any CPU = Release|Any CPU
	EndGlobalSection
	GlobalSection(ProjectConfigurationPlatforms) = postSolution
		{FAA01FCE-2D14-4B1A-AE38-935480B441EA}.Debug|Any CPU.ActiveCfg = Debug|Any CPU
		{FAA01FCE-2D14-4B1A-AE38-935480B441EA}.Debug|Any CPU.Build.0 = Debug|Any CPU
		{FAA01FCE-2D14-4B1A-AE38-935480B441EA}.Release|Any CPU.ActiveCfg = Release|Any CPU
		{FAA01FCE-2D14-4B1A-AE38-935480B441EA}.Release|Any CPU.Build.0 = Release|Any CPU
		{C8AC1D5F-FEEA-4019-AE83-B8283F6ADCAF}.Debug|Any CPU.ActiveCfg = Debug|Any CPU
		{C8AC1D5F-FEEA-4019-AE83-B8283F6ADCAF}.Release|Any CPU.ActiveCfg = Debug|Any CPU
		{C8AC1D5F-FEEA-4019-AE83-B8283F6ADCAF}.Release|Any CPU.Build.0 = Debug|Any CPU
		{1C6B91D3-7B94-47B6-A736-F0B13A487C39}.Debug|Any CPU.ActiveCfg = Debug|Any CPU
		{1C6B91D3-7B94-47B6-A736-F0B13A487C39}.Debug|Any CPU.Build.0 = Debug|Any CPU
		{1C6B91D3-7B94-47B6-A736-F0B13A487C39}.Release|Any CPU.ActiveCfg = Release|Any CPU
		{1C6B91D3-7B94-47B6-A736-F0B13A487C39}.Release|Any CPU.Build.0 = Release|Any CPU
	EndGlobalSection
	GlobalSection(SolutionProperties) = preSolution
		HideSolutionNode = FALSE
	EndGlobalSection
	GlobalSection(ExtensibilityGlobals) = postSolution
		SolutionGuid = {D3101B03-426C-453D-B466-A9C495A86298}
	EndGlobalSection
EndGlobal
